
Microsoft Visual Studio Solution File, Format Version 12.00
# Visual Studio Version 17
VisualStudioVersion = 17.1.32210.238
MinimumVisualStudioVersion = 10.0.40219.1
Project("{8BC9CEB8-8B4A-11D0-8D11-00A0C91BC942}") = "GalaxyBuilder", "GalaxyBuilder\GalaxyBuilder.vcxproj", "{AB078E68-6D42-4A43-9964-AE0F1C03DF43}"
EndProject
Global
	GlobalSection(SolutionConfigurationPlatforms) = preSolution
		Debug|x64 = Debug|x64
		Debug|x86 = Debug|x86
		Release|x64 = Release|x64
		Release|x86 = Release|x86
	EndGlobalSection
	GlobalSection(ProjectConfigurationPlatforms) = postSolution
		{AB078E68-6D42-4A43-9964-AE0F1C03DF43}.Debug|x64.ActiveCfg = Debug|x64
		{AB078E68-6D42-4A43-9964-AE0F1C03DF43}.Debug|x64.Build.0 = Debug|x64
		{AB078E68-6D42-4A43-9964-AE0F1C03DF43}.Debug|x86.ActiveCfg = Debug|Win32
		{AB078E68-6D42-4A43-9964-AE0F1C03DF43}.Debug|x86.Build.0 = Debug|Win32
		{AB078E68-6D42-4A43-9964-AE0F1C03DF43}.Release|x64.ActiveCfg = Release|x64
		{AB078E68-6D42-4A43-9964-AE0F1C03DF43}.Release|x64.Build.0 = Release|x64
		{AB078E68-6D42-4A43-9964-AE0F1C03DF43}.Release|x86.ActiveCfg = Release|Win32
		{AB078E68-6D42-4A43-9964-AE0F1C03DF43}.Release|x86.Build.0 = Release|Win32
	EndGlobalSection
	GlobalSection(SolutionProperties) = preSolution
		HideSolutionNode = FALSE
	EndGlobalSection
	GlobalSection(ExtensibilityGlobals) = postSolution
		SolutionGuid = {B25A4B43-11E5-4BC4-852F-22D1C6F44FC0}
	EndGlobalSection
EndGlobal
